// !$*UTF8*$!
{
	archiveVersion = 1;
	classes = {
	};
	objectVersion = 55;
	objects = {

/* Begin PBXBuildFile section */
		5E35A80828B9F08A009C5DFB /* User.swift in Sources */ = {isa = PBXBuildFile; fileRef = 5E35A80728B9F08A009C5DFB /* User.swift */; };
		5E35A80B28B9FCC0009C5DFB /* NetworkManager.swift in Sources */ = {isa = PBXBuildFile; fileRef = 5E35A80A28B9FCC0009C5DFB /* NetworkManager.swift */; };
		5E35A80D28B9FD69009C5DFB /* JSONModel.swift in Sources */ = {isa = PBXBuildFile; fileRef = 5E35A80C28B9FD69009C5DFB /* JSONModel.swift */; };
		5E8F389828BA0ABF000B3673 /* ResultGameView.swift in Sources */ = {isa = PBXBuildFile; fileRef = 5E8F389728BA0ABF000B3673 /* ResultGameView.swift */; };
		5E8F389A28BA0EC6000B3673 /* ResultGameViewController.swift in Sources */ = {isa = PBXBuildFile; fileRef = 5E8F389928BA0EC6000B3673 /* ResultGameViewController.swift */; };
		5E987D1A28B925A0009F3003 /* AppDelegate.swift in Sources */ = {isa = PBXBuildFile; fileRef = 5E987D1928B925A0009F3003 /* AppDelegate.swift */; };
		5E987D1C28B925A0009F3003 /* SceneDelegate.swift in Sources */ = {isa = PBXBuildFile; fileRef = 5E987D1B28B925A0009F3003 /* SceneDelegate.swift */; };
		5E987D2128B925A0009F3003 /* Main.storyboard in Resources */ = {isa = PBXBuildFile; fileRef = 5E987D1F28B925A0009F3003 /* Main.storyboard */; };
		5E987D2328B925A0009F3003 /* Assets.xcassets in Resources */ = {isa = PBXBuildFile; fileRef = 5E987D2228B925A0009F3003 /* Assets.xcassets */; };
		5E987D2628B925A0009F3003 /* LaunchScreen.storyboard in Resources */ = {isa = PBXBuildFile; fileRef = 5E987D2428B925A0009F3003 /* LaunchScreen.storyboard */; };
		5E987D2E28B925BD009F3003 /* GreetingView.swift in Sources */ = {isa = PBXBuildFile; fileRef = 5E987D2D28B925BD009F3003 /* GreetingView.swift */; };
		5E9BD0EC28B92833002A9D8F /* GreetingViewController.swift in Sources */ = {isa = PBXBuildFile; fileRef = 5E9BD0EB28B92833002A9D8F /* GreetingViewController.swift */; };
		5E9BD0EE28B92CD9002A9D8F /* QuestionsView.swift in Sources */ = {isa = PBXBuildFile; fileRef = 5E9BD0ED28B92CD9002A9D8F /* QuestionsView.swift */; };
		5E9BD0F028B92E45002A9D8F /* QuetionViewController.swift in Sources */ = {isa = PBXBuildFile; fileRef = 5E9BD0EF28B92E45002A9D8F /* QuetionViewController.swift */; };
		5E9BD0F328B92F0E002A9D8F /* LocaleStore.swift in Sources */ = {isa = PBXBuildFile; fileRef = 5E9BD0F228B92F0E002A9D8F /* LocaleStore.swift */; };
		7177A85398C87D73CC82259F /* Pods_whoWantMillion.framework in Frameworks */ = {isa = PBXBuildFile; fileRef = C5FCEEAB7D6DE66F7C54B7E4 /* Pods_whoWantMillion.framework */; };
/* End PBXBuildFile section */

/* Begin PBXFileReference section */
		5E35A80728B9F08A009C5DFB /* User.swift */ = {isa = PBXFileReference; lastKnownFileType = sourcecode.swift; path = User.swift; sourceTree = "<group>"; };
		5E35A80A28B9FCC0009C5DFB /* NetworkManager.swift */ = {isa = PBXFileReference; lastKnownFileType = sourcecode.swift; path = NetworkManager.swift; sourceTree = "<group>"; };
		5E35A80C28B9FD69009C5DFB /* JSONModel.swift */ = {isa = PBXFileReference; lastKnownFileType = sourcecode.swift; path = JSONModel.swift; sourceTree = "<group>"; };
		5E8F389728BA0ABF000B3673 /* ResultGameView.swift */ = {isa = PBXFileReference; lastKnownFileType = sourcecode.swift; path = ResultGameView.swift; sourceTree = "<group>"; };
		5E8F389928BA0EC6000B3673 /* ResultGameViewController.swift */ = {isa = PBXFileReference; lastKnownFileType = sourcecode.swift; path = ResultGameViewController.swift; sourceTree = "<group>"; };
		5E987D1628B925A0009F3003 /* whoWantMillion.app */ = {isa = PBXFileReference; explicitFileType = wrapper.application; includeInIndex = 0; path = whoWantMillion.app; sourceTree = BUILT_PRODUCTS_DIR; };
		5E987D1928B925A0009F3003 /* AppDelegate.swift */ = {isa = PBXFileReference; lastKnownFileType = sourcecode.swift; path = AppDelegate.swift; sourceTree = "<group>"; };
		5E987D1B28B925A0009F3003 /* SceneDelegate.swift */ = {isa = PBXFileReference; lastKnownFileType = sourcecode.swift; path = SceneDelegate.swift; sourceTree = "<group>"; };
		5E987D2028B925A0009F3003 /* Base */ = {isa = PBXFileReference; lastKnownFileType = file.storyboard; name = Base; path = Base.lproj/Main.storyboard; sourceTree = "<group>"; };
		5E987D2228B925A0009F3003 /* Assets.xcassets */ = {isa = PBXFileReference; lastKnownFileType = folder.assetcatalog; path = Assets.xcassets; sourceTree = "<group>"; };
		5E987D2528B925A0009F3003 /* Base */ = {isa = PBXFileReference; lastKnownFileType = file.storyboard; name = Base; path = Base.lproj/LaunchScreen.storyboard; sourceTree = "<group>"; };
		5E987D2728B925A0009F3003 /* Info.plist */ = {isa = PBXFileReference; lastKnownFileType = text.plist.xml; path = Info.plist; sourceTree = "<group>"; };
		5E987D2D28B925BD009F3003 /* GreetingView.swift */ = {isa = PBXFileReference; lastKnownFileType = sourcecode.swift; path = GreetingView.swift; sourceTree = "<group>"; };
		5E9BD0EB28B92833002A9D8F /* GreetingViewController.swift */ = {isa = PBXFileReference; lastKnownFileType = sourcecode.swift; path = GreetingViewController.swift; sourceTree = "<group>"; };
		5E9BD0ED28B92CD9002A9D8F /* QuestionsView.swift */ = {isa = PBXFileReference; lastKnownFileType = sourcecode.swift; path = QuestionsView.swift; sourceTree = "<group>"; };
		5E9BD0EF28B92E45002A9D8F /* QuetionViewController.swift */ = {isa = PBXFileReference; lastKnownFileType = sourcecode.swift; path = QuetionViewController.swift; sourceTree = "<group>"; };
		5E9BD0F228B92F0E002A9D8F /* LocaleStore.swift */ = {isa = PBXFileReference; lastKnownFileType = sourcecode.swift; path = LocaleStore.swift; sourceTree = "<group>"; };
		8A46808D81FE2009C27A232A /* Pods-whoWantMillion.release.xcconfig */ = {isa = PBXFileReference; includeInIndex = 1; lastKnownFileType = text.xcconfig; name = "Pods-whoWantMillion.release.xcconfig"; path = "Target Support Files/Pods-whoWantMillion/Pods-whoWantMillion.release.xcconfig"; sourceTree = "<group>"; };
		B262D752B8579B252F16DED9 /* Pods-whoWantMillion.debug.xcconfig */ = {isa = PBXFileReference; includeInIndex = 1; lastKnownFileType = text.xcconfig; name = "Pods-whoWantMillion.debug.xcconfig"; path = "Target Support Files/Pods-whoWantMillion/Pods-whoWantMillion.debug.xcconfig"; sourceTree = "<group>"; };
		C5FCEEAB7D6DE66F7C54B7E4 /* Pods_whoWantMillion.framework */ = {isa = PBXFileReference; explicitFileType = wrapper.framework; includeInIndex = 0; path = Pods_whoWantMillion.framework; sourceTree = BUILT_PRODUCTS_DIR; };
/* End PBXFileReference section */

/* Begin PBXFrameworksBuildPhase section */
		5E987D1328B925A0009F3003 /* Frameworks */ = {
			isa = PBXFrameworksBuildPhase;
			buildActionMask = 2147483647;
			files = (
				7177A85398C87D73CC82259F /* Pods_whoWantMillion.framework in Frameworks */,
			);
			runOnlyForDeploymentPostprocessing = 0;
		};
/* End PBXFrameworksBuildPhase section */

/* Begin PBXGroup section */
		49A3E9624B3D45B39C3494C2 /* Frameworks */ = {
			isa = PBXGroup;
			children = (
				C5FCEEAB7D6DE66F7C54B7E4 /* Pods_whoWantMillion.framework */,
			);
			name = Frameworks;
			sourceTree = "<group>";
		};
		5E35A80928B9FCA1009C5DFB /* NetworkManager */ = {
			isa = PBXGroup;
			children = (
				5E35A80A28B9FCC0009C5DFB /* NetworkManager.swift */,
				5E35A80C28B9FD69009C5DFB /* JSONModel.swift */,
			);
			path = NetworkManager;
			sourceTree = "<group>";
		};
		5E987D0D28B925A0009F3003 = {
			isa = PBXGroup;
			children = (
				5E987D1828B925A0009F3003 /* whoWantMillion */,
				5E987D1728B925A0009F3003 /* Products */,
				865C90BDEA5A3CF26086351A /* Pods */,
				49A3E9624B3D45B39C3494C2 /* Frameworks */,
			);
			sourceTree = "<group>";
		};
		5E987D1728B925A0009F3003 /* Products */ = {
			isa = PBXGroup;
			children = (
				5E987D1628B925A0009F3003 /* whoWantMillion.app */,
			);
			name = Products;
			sourceTree = "<group>";
		};
		5E987D1828B925A0009F3003 /* whoWantMillion */ = {
			isa = PBXGroup;
			children = (
				5E987D1928B925A0009F3003 /* AppDelegate.swift */,
				5E987D1B28B925A0009F3003 /* SceneDelegate.swift */,
				5E35A80928B9FCA1009C5DFB /* NetworkManager */,
				5E9BD0F128B92EEE002A9D8F /* Model */,
				5E9BD0E928B926D5002A9D8F /* Views */,
				5E9BD0EA28B92818002A9D8F /* Controllers */,
				5E987D1F28B925A0009F3003 /* Main.storyboard */,
				5E987D2228B925A0009F3003 /* Assets.xcassets */,
				5E987D2428B925A0009F3003 /* LaunchScreen.storyboard */,
				5E987D2728B925A0009F3003 /* Info.plist */,
			);
			path = whoWantMillion;
			sourceTree = "<group>";
		};
		5E9BD0E928B926D5002A9D8F /* Views */ = {
			isa = PBXGroup;
			children = (
				5E987D2D28B925BD009F3003 /* GreetingView.swift */,
				5E9BD0ED28B92CD9002A9D8F /* QuestionsView.swift */,
				5E8F389728BA0ABF000B3673 /* ResultGameView.swift */,
			);
			path = Views;
			sourceTree = "<group>";
		};
		5E9BD0EA28B92818002A9D8F /* Controllers */ = {
			isa = PBXGroup;
			children = (
				5E9BD0EB28B92833002A9D8F /* GreetingViewController.swift */,
				5E9BD0EF28B92E45002A9D8F /* QuetionViewController.swift */,
				5E8F389928BA0EC6000B3673 /* ResultGameViewController.swift */,
			);
			path = Controllers;
			sourceTree = "<group>";
		};
		5E9BD0F128B92EEE002A9D8F /* Model */ = {
			isa = PBXGroup;
			children = (
				5E9BD0F228B92F0E002A9D8F /* LocaleStore.swift */,
				5E35A80728B9F08A009C5DFB /* User.swift */,
			);
			path = Model;
			sourceTree = "<group>";
		};
		865C90BDEA5A3CF26086351A /* Pods */ = {
			isa = PBXGroup;
			children = (
				B262D752B8579B252F16DED9 /* Pods-whoWantMillion.debug.xcconfig */,
				8A46808D81FE2009C27A232A /* Pods-whoWantMillion.release.xcconfig */,
			);
			path = Pods;
			sourceTree = "<group>";
		};
/* End PBXGroup section */

/* Begin PBXNativeTarget section */
		5E987D1528B925A0009F3003 /* whoWantMillion */ = {
			isa = PBXNativeTarget;
			buildConfigurationList = 5E987D2A28B925A0009F3003 /* Build configuration list for PBXNativeTarget "whoWantMillion" */;
			buildPhases = (
				61C4A58471620FD93B8713EE /* [CP] Check Pods Manifest.lock */,
				5E987D1228B925A0009F3003 /* Sources */,
				5E987D1328B925A0009F3003 /* Frameworks */,
				5E987D1428B925A0009F3003 /* Resources */,
				9B99F27861B57AC0BAFF046B /* [CP] Embed Pods Frameworks */,
			);
			buildRules = (
			);
			dependencies = (
			);
			name = whoWantMillion;
			productName = whoWantMillion;
			productReference = 5E987D1628B925A0009F3003 /* whoWantMillion.app */;
			productType = "com.apple.product-type.application";
		};
/* End PBXNativeTarget section */

/* Begin PBXProject section */
		5E987D0E28B925A0009F3003 /* Project object */ = {
			isa = PBXProject;
			attributes = {
				BuildIndependentTargetsInParallel = 1;
				LastSwiftUpdateCheck = 1340;
				LastUpgradeCheck = 1340;
				TargetAttributes = {
					5E987D1528B925A0009F3003 = {
						CreatedOnToolsVersion = 13.4;
					};
				};
			};
			buildConfigurationList = 5E987D1128B925A0009F3003 /* Build configuration list for PBXProject "whoWantMillion" */;
			compatibilityVersion = "Xcode 13.0";
			developmentRegion = en;
			hasScannedForEncodings = 0;
			knownRegions = (
				en,
				Base,
			);
			mainGroup = 5E987D0D28B925A0009F3003;
			productRefGroup = 5E987D1728B925A0009F3003 /* Products */;
			projectDirPath = "";
			projectRoot = "";
			targets = (
				5E987D1528B925A0009F3003 /* whoWantMillion */,
			);
		};
/* End PBXProject section */

/* Begin PBXResourcesBuildPhase section */
		5E987D1428B925A0009F3003 /* Resources */ = {
			isa = PBXResourcesBuildPhase;
			buildActionMask = 2147483647;
			files = (
				5E987D2628B925A0009F3003 /* LaunchScreen.storyboard in Resources */,
				5E987D2328B925A0009F3003 /* Assets.xcassets in Resources */,
				5E987D2128B925A0009F3003 /* Main.storyboard in Resources */,
			);
			runOnlyForDeploymentPostprocessing = 0;
		};
/* End PBXResourcesBuildPhase section */

/* Begin PBXShellScriptBuildPhase section */
		61C4A58471620FD93B8713EE /* [CP] Check Pods Manifest.lock */ = {
			isa = PBXShellScriptBuildPhase;
			buildActionMask = 2147483647;
			files = (
			);
			inputFileListPaths = (
			);
			inputPaths = (
				"${PODS_PODFILE_DIR_PATH}/Podfile.lock",
				"${PODS_ROOT}/Manifest.lock",
			);
			name = "[CP] Check Pods Manifest.lock";
			outputFileListPaths = (
			);
			outputPaths = (
				"$(DERIVED_FILE_DIR)/Pods-whoWantMillion-checkManifestLockResult.txt",
			);
			runOnlyForDeploymentPostprocessing = 0;
			shellPath = /bin/sh;
			shellScript = "diff \"${PODS_PODFILE_DIR_PATH}/Podfile.lock\" \"${PODS_ROOT}/Manifest.lock\" > /dev/null\nif [ $? != 0 ] ; then\n    # print error to STDERR\n    echo \"error: The sandbox is not in sync with the Podfile.lock. Run 'pod install' or update your CocoaPods installation.\" >&2\n    exit 1\nfi\n# This output is used by Xcode 'outputs' to avoid re-running this script phase.\necho \"SUCCESS\" > \"${SCRIPT_OUTPUT_FILE_0}\"\n";
			showEnvVarsInLog = 0;
		};
		9B99F27861B57AC0BAFF046B /* [CP] Embed Pods Frameworks */ = {
			isa = PBXShellScriptBuildPhase;
			buildActionMask = 2147483647;
			files = (
			);
			inputFileListPaths = (
				"${PODS_ROOT}/Target Support Files/Pods-whoWantMillion/Pods-whoWantMillion-frameworks-${CONFIGURATION}-input-files.xcfilelist",
			);
			name = "[CP] Embed Pods Frameworks";
			outputFileListPaths = (
				"${PODS_ROOT}/Target Support Files/Pods-whoWantMillion/Pods-whoWantMillion-frameworks-${CONFIGURATION}-output-files.xcfilelist",
			);
			runOnlyForDeploymentPostprocessing = 0;
			shellPath = /bin/sh;
			shellScript = "\"${PODS_ROOT}/Target Support Files/Pods-whoWantMillion/Pods-whoWantMillion-frameworks.sh\"\n";
			showEnvVarsInLog = 0;
		};
/* End PBXShellScriptBuildPhase section */

/* Begin PBXSourcesBuildPhase section */
		5E987D1228B925A0009F3003 /* Sources */ = {
			isa = PBXSourcesBuildPhase;
			buildActionMask = 2147483647;
			files = (
				5E9BD0EC28B92833002A9D8F /* GreetingViewController.swift in Sources */,
				5E9BD0F328B92F0E002A9D8F /* LocaleStore.swift in Sources */,
				5E35A80B28B9FCC0009C5DFB /* NetworkManager.swift in Sources */,
				5E987D2E28B925BD009F3003 /* GreetingView.swift in Sources */,
				5E987D1A28B925A0009F3003 /* AppDelegate.swift in Sources */,
				5E987D1C28B925A0009F3003 /* SceneDelegate.swift in Sources */,
				5E9BD0F028B92E45002A9D8F /* QuetionViewController.swift in Sources */,
				5E9BD0EE28B92CD9002A9D8F /* QuestionsView.swift in Sources */,
				5E35A80828B9F08A009C5DFB /* User.swift in Sources */,
				5E8F389A28BA0EC6000B3673 /* ResultGameViewController.swift in Sources */,
				5E35A80D28B9FD69009C5DFB /* JSONModel.swift in Sources */,
				5E8F389828BA0ABF000B3673 /* ResultGameView.swift in Sources */,
			);
			runOnlyForDeploymentPostprocessing = 0;
		};
/* End PBXSourcesBuildPhase section */

/* Begin PBXVariantGroup section */
		5E987D1F28B925A0009F3003 /* Main.storyboard */ = {
			isa = PBXVariantGroup;
			children = (
				5E987D2028B925A0009F3003 /* Base */,
			);
			name = Main.storyboard;
			sourceTree = "<group>";
		};
		5E987D2428B925A0009F3003 /* LaunchScreen.storyboard */ = {
			isa = PBXVariantGroup;
			children = (
				5E987D2528B925A0009F3003 /* Base */,
			);
			name = LaunchScreen.storyboard;
			sourceTree = "<group>";
		};
/* End PBXVariantGroup section */

/* Begin XCBuildConfiguration section */
		5E987D2828B925A0009F3003 /* Debug */ = {
			isa = XCBuildConfiguration;
			buildSettings = {
				ALWAYS_SEARCH_USER_PATHS = NO;
				CLANG_ANALYZER_NONNULL = YES;
				CLANG_ANALYZER_NUMBER_OBJECT_CONVERSION = YES_AGGRESSIVE;
				CLANG_CXX_LANGUAGE_STANDARD = "gnu++17";
				CLANG_ENABLE_MODULES = YES;
				CLANG_ENABLE_OBJC_ARC = YES;
				CLANG_ENABLE_OBJC_WEAK = YES;
				CLANG_WARN_BLOCK_CAPTURE_AUTORELEASING = YES;
				CLANG_WARN_BOOL_CONVERSION = YES;
				CLANG_WARN_COMMA = YES;
				CLANG_WARN_CONSTANT_CONVERSION = YES;
				CLANG_WARN_DEPRECATED_OBJC_IMPLEMENTATIONS = YES;
				CLANG_WARN_DIRECT_OBJC_ISA_USAGE = YES_ERROR;
				CLANG_WARN_DOCUMENTATION_COMMENTS = YES;
				CLANG_WARN_EMPTY_BODY = YES;
				CLANG_WARN_ENUM_CONVERSION = YES;
				CLANG_WARN_INFINITE_RECURSION = YES;
				CLANG_WARN_INT_CONVERSION = YES;
				CLANG_WARN_NON_LITERAL_NULL_CONVERSION = YES;
				CLANG_WARN_OBJC_IMPLICIT_RETAIN_SELF = YES;
				CLANG_WARN_OBJC_LITERAL_CONVERSION = YES;
				CLANG_WARN_OBJC_ROOT_CLASS = YES_ERROR;
				CLANG_WARN_QUOTED_INCLUDE_IN_FRAMEWORK_HEADER = YES;
				CLANG_WARN_RANGE_LOOP_ANALYSIS = YES;
				CLANG_WARN_STRICT_PROTOTYPES = YES;
				CLANG_WARN_SUSPICIOUS_MOVE = YES;
				CLANG_WARN_UNGUARDED_AVAILABILITY = YES_AGGRESSIVE;
				CLANG_WARN_UNREACHABLE_CODE = YES;
				CLANG_WARN__DUPLICATE_METHOD_MATCH = YES;
				COPY_PHASE_STRIP = NO;
				DEBUG_INFORMATION_FORMAT = dwarf;
				ENABLE_STRICT_OBJC_MSGSEND = YES;
				ENABLE_TESTABILITY = YES;
				GCC_C_LANGUAGE_STANDARD = gnu11;
				GCC_DYNAMIC_NO_PIC = NO;
				GCC_NO_COMMON_BLOCKS = YES;
				GCC_OPTIMIZATION_LEVEL = 0;
				GCC_PREPROCESSOR_DEFINITIONS = (
					"DEBUG=1",
					"$(inherited)",
				);
				GCC_WARN_64_TO_32_BIT_CONVERSION = YES;
				GCC_WARN_ABOUT_RETURN_TYPE = YES_ERROR;
				GCC_WARN_UNDECLARED_SELECTOR = YES;
				GCC_WARN_UNINITIALIZED_AUTOS = YES_AGGRESSIVE;
				GCC_WARN_UNUSED_FUNCTION = YES;
				GCC_WARN_UNUSED_VARIABLE = YES;
				IPHONEOS_DEPLOYMENT_TARGET = 15.5;
				MTL_ENABLE_DEBUG_INFO = INCLUDE_SOURCE;
				MTL_FAST_MATH = YES;
				ONLY_ACTIVE_ARCH = YES;
				SDKROOT = iphoneos;
				SWIFT_ACTIVE_COMPILATION_CONDITIONS = DEBUG;
				SWIFT_OPTIMIZATION_LEVEL = "-Onone";
			};
			name = Debug;
		};
		5E987D2928B925A0009F3003 /* Release */ = {
			isa = XCBuildConfiguration;
			buildSettings = {
				ALWAYS_SEARCH_USER_PATHS = NO;
				CLANG_ANALYZER_NONNULL = YES;
				CLANG_ANALYZER_NUMBER_OBJECT_CONVERSION = YES_AGGRESSIVE;
				CLANG_CXX_LANGUAGE_STANDARD = "gnu++17";
				CLANG_ENABLE_MODULES = YES;
				CLANG_ENABLE_OBJC_ARC = YES;
				CLANG_ENABLE_OBJC_WEAK = YES;
				CLANG_WARN_BLOCK_CAPTURE_AUTORELEASING = YES;
				CLANG_WARN_BOOL_CONVERSION = YES;
				CLANG_WARN_COMMA = YES;
				CLANG_WARN_CONSTANT_CONVERSION = YES;
				CLANG_WARN_DEPRECATED_OBJC_IMPLEMENTATIONS = YES;
				CLANG_WARN_DIRECT_OBJC_ISA_USAGE = YES_ERROR;
				CLANG_WARN_DOCUMENTATION_COMMENTS = YES;
				CLANG_WARN_EMPTY_BODY = YES;
				CLANG_WARN_ENUM_CONVERSION = YES;
				CLANG_WARN_INFINITE_RECURSION = YES;
				CLANG_WARN_INT_CONVERSION = YES;
				CLANG_WARN_NON_LITERAL_NULL_CONVERSION = YES;
				CLANG_WARN_OBJC_IMPLICIT_RETAIN_SELF = YES;
				CLANG_WARN_OBJC_LITERAL_CONVERSION = YES;
				CLANG_WARN_OBJC_ROOT_CLASS = YES_ERROR;
				CLANG_WARN_QUOTED_INCLUDE_IN_FRAMEWORK_HEADER = YES;
				CLANG_WARN_RANGE_LOOP_ANALYSIS = YES;
				CLANG_WARN_STRICT_PROTOTYPES = YES;
				CLANG_WARN_SUSPICIOUS_MOVE = YES;
				CLANG_WARN_UNGUARDED_AVAILABILITY = YES_AGGRESSIVE;
				CLANG_WARN_UNREACHABLE_CODE = YES;
				CLANG_WARN__DUPLICATE_METHOD_MATCH = YES;
				COPY_PHASE_STRIP = NO;
				DEBUG_INFORMATION_FORMAT = "dwarf-with-dsym";
				ENABLE_NS_ASSERTIONS = NO;
				ENABLE_STRICT_OBJC_MSGSEND = YES;
				GCC_C_LANGUAGE_STANDARD = gnu11;
				GCC_NO_COMMON_BLOCKS = YES;
				GCC_WARN_64_TO_32_BIT_CONVERSION = YES;
				GCC_WARN_ABOUT_RETURN_TYPE = YES_ERROR;
				GCC_WARN_UNDECLARED_SELECTOR = YES;
				GCC_WARN_UNINITIALIZED_AUTOS = YES_AGGRESSIVE;
				GCC_WARN_UNUSED_FUNCTION = YES;
				GCC_WARN_UNUSED_VARIABLE = YES;
				IPHONEOS_DEPLOYMENT_TARGET = 15.5;
				MTL_ENABLE_DEBUG_INFO = NO;
				MTL_FAST_MATH = YES;
				SDKROOT = iphoneos;
				SWIFT_COMPILATION_MODE = wholemodule;
				SWIFT_OPTIMIZATION_LEVEL = "-O";
				VALIDATE_PRODUCT = YES;
			};
			name = Release;
		};
		5E987D2B28B925A0009F3003 /* Debug */ = {
			isa = XCBuildConfiguration;
			baseConfigurationReference = B262D752B8579B252F16DED9 /* Pods-whoWantMillion.debug.xcconfig */;
			buildSettings = {
				ASSETCATALOG_COMPILER_APPICON_NAME = AppIcon;
				ASSETCATALOG_COMPILER_GLOBAL_ACCENT_COLOR_NAME = AccentColor;
				CODE_SIGN_STYLE = Automatic;
				CURRENT_PROJECT_VERSION = 1;
				DEVELOPMENT_TEAM = 3UW6R7LBJ3;
				GENERATE_INFOPLIST_FILE = YES;
				INFOPLIST_FILE = whoWantMillion/Info.plist;
				INFOPLIST_KEY_UIApplicationSupportsIndirectInputEvents = YES;
				INFOPLIST_KEY_UILaunchStoryboardName = LaunchScreen;
				INFOPLIST_KEY_UIMainStoryboardFile = Main;
				INFOPLIST_KEY_UISupportedInterfaceOrientations_iPad = "UIInterfaceOrientationPortrait UIInterfaceOrientationPortraitUpsideDown UIInterfaceOrientationLandscapeLeft UIInterfaceOrientationLandscapeRight";
				INFOPLIST_KEY_UISupportedInterfaceOrientations_iPhone = "UIInterfaceOrientationPortrait UIInterfaceOrientationLandscapeLeft UIInterfaceOrientationLandscapeRight";
				LD_RUNPATH_SEARCH_PATHS = (
					"$(inherited)",
					"@executable_path/Frameworks",
				);
				MARKETING_VERSION = 1.0;
				PRODUCT_BUNDLE_IDENTIFIER = georgeM3.whoWantMillion;
				PRODUCT_NAME = "$(TARGET_NAME)";
				SWIFT_EMIT_LOC_STRINGS = YES;
				SWIFT_VERSION = 5.0;
				TARGETED_DEVICE_FAMILY = "1,2";
			};
			name = Debug;
		};
		5E987D2C28B925A0009F3003 /* Release */ = {
			isa = XCBuildConfiguration;
			baseConfigurationReference = 8A46808D81FE2009C27A232A /* Pods-whoWantMillion.release.xcconfig */;
			buildSettings = {
				ASSETCATALOG_COMPILER_APPICON_NAME = AppIcon;
				ASSETCATALOG_COMPILER_GLOBAL_ACCENT_COLOR_NAME = AccentColor;
				CODE_SIGN_STYLE = Automatic;
				CURRENT_PROJECT_VERSION = 1;
				DEVELOPMENT_TEAM = 3UW6R7LBJ3;
				GENERATE_INFOPLIST_FILE = YES;
				INFOPLIST_FILE = whoWantMillion/Info.plist;
				INFOPLIST_KEY_UIApplicationSupportsIndirectInputEvents = YES;
				INFOPLIST_KEY_UILaunchStoryboardName = LaunchScreen;
				INFOPLIST_KEY_UIMainStoryboardFile = Main;
				INFOPLIST_KEY_UISupportedInterfaceOrientations_iPad = "UIInterfaceOrientationPortrait UIInterfaceOrientationPortraitUpsideDown UIInterfaceOrientationLandscapeLeft UIInterfaceOrientationLandscapeRight";
				INFOPLIST_KEY_UISupportedInterfaceOrientations_iPhone = "UIInterfaceOrientationPortrait UIInterfaceOrientationLandscapeLeft UIInterfaceOrientationLandscapeRight";
				LD_RUNPATH_SEARCH_PATHS = (
					"$(inherited)",
					"@executable_path/Frameworks",
				);
				MARKETING_VERSION = 1.0;
				PRODUCT_BUNDLE_IDENTIFIER = georgeM3.whoWantMillion;
				PRODUCT_NAME = "$(TARGET_NAME)";
				SWIFT_EMIT_LOC_STRINGS = YES;
				SWIFT_VERSION = 5.0;
				TARGETED_DEVICE_FAMILY = "1,2";
			};
			name = Release;
		};
/* End XCBuildConfiguration section */

/* Begin XCConfigurationList section */
		5E987D1128B925A0009F3003 /* Build configuration list for PBXProject "whoWantMillion" */ = {
			isa = XCConfigurationList;
			buildConfigurations = (
				5E987D2828B925A0009F3003 /* Debug */,
				5E987D2928B925A0009F3003 /* Release */,
			);
			defaultConfigurationIsVisible = 0;
			defaultConfigurationName = Release;
		};
		5E987D2A28B925A0009F3003 /* Build configuration list for PBXNativeTarget "whoWantMillion" */ = {
			isa = XCConfigurationList;
			buildConfigurations = (
				5E987D2B28B925A0009F3003 /* Debug */,
				5E987D2C28B925A0009F3003 /* Release */,
			);
			defaultConfigurationIsVisible = 0;
			defaultConfigurationName = Release;
		};
/* End XCConfigurationList section */
	};
	rootObject = 5E987D0E28B925A0009F3003 /* Project object */;
}
